
Microsoft Visual Studio Solution File, Format Version 12.00
# Visual Studio 15
VisualStudioVersion = 15.0.27130.2026
MinimumVisualStudioVersion = 10.0.40219.1
Project("{FAE04EC0-301F-11D3-BF4B-00C04F79EFBC}") = "ServerApp", "ServerApp\ServerApp.csproj", "{78C0EAF2-649F-48C4-8F48-2081E02528A2}"
EndProject
Global
	GlobalSection(SolutionConfigurationPlatforms) = preSolution
		Debug|Any CPU = Debug|Any CPU
		Release|Any CPU = Release|Any CPU
	EndGlobalSection
	GlobalSection(ProjectConfigurationPlatforms) = postSolution
		{78C0EAF2-649F-48C4-8F48-2081E02528A2}.Debug|Any CPU.ActiveCfg = Debug|Any CPU
		{78C0EAF2-649F-48C4-8F48-2081E02528A2}.Debug|Any CPU.Build.0 = Debug|Any CPU
		{78C0EAF2-649F-48C4-8F48-2081E02528A2}.Release|Any CPU.ActiveCfg = Release|Any CPU
		{78C0EAF2-649F-48C4-8F48-2081E02528A2}.Release|Any CPU.Build.0 = Release|Any CPU
	EndGlobalSection
	GlobalSection(SolutionProperties) = preSolution
		HideSolutionNode = FALSE
	EndGlobalSection
	GlobalSection(ExtensibilityGlobals) = postSolution
		SolutionGuid = {33FE4809-AC43-406C-BCFD-2E793722FBF5}
	EndGlobalSection
EndGlobal
